{
  "name": "Аліна",
  "lockfileVersion": 3,
  "requires": true,
  "packages": {
    "": {
      "dependencies": {
        "notiflix": "^3.2.6",
        "slim-select": "^2.6.0"
      }
    },
    "node_modules/notiflix": {
      "version": "3.2.6",
      "resolved": "https://registry.npmjs.org/notiflix/-/notiflix-3.2.6.tgz",
      "integrity": "sha512-mUoaJ/s9E4r8o1O8XRqcuXEylpgOkfXtI5SEkBBlBK+LK7nq1c6qQaQcF7QzS/S018Ww7uUqSZotOs5cHENvVw=="
    },
    "node_modules/slim-select": {
      "version": "2.6.0",
      "resolved": "https://registry.npmjs.org/slim-select/-/slim-select-2.6.0.tgz",
      "integrity": "sha512-ubIyC+IOaLpq+Ls5Eo5sXq2QSPfAGNkfKKqHzUuTSKvaDKkCn+4rK+GrBqvnpXk5YYwidluSCG0X6pwJlOKhtw=="
    }
  }
}
